// !$*UTF8*$!
{
	archiveVersion = 1;
	classes = {
	};
	objectVersion = 50;
	objects = {

/* Begin PBXBuildFile section */
		1917480A220C83CE00060B29 /* AppDelegate.swift in Sources */ = {isa = PBXBuildFile; fileRef = 19174809220C83CE00060B29 /* AppDelegate.swift */; };
		1917480C220C83CE00060B29 /* ViewController.swift in Sources */ = {isa = PBXBuildFile; fileRef = 1917480B220C83CE00060B29 /* ViewController.swift */; };
		1917480F220C83CE00060B29 /* Main.storyboard in Resources */ = {isa = PBXBuildFile; fileRef = 1917480D220C83CE00060B29 /* Main.storyboard */; };
		19174811220C83DA00060B29 /* Assets.xcassets in Resources */ = {isa = PBXBuildFile; fileRef = 19174810220C83DA00060B29 /* Assets.xcassets */; };
		19174814220C83DA00060B29 /* LaunchScreen.storyboard in Resources */ = {isa = PBXBuildFile; fileRef = 19174812220C83DA00060B29 /* LaunchScreen.storyboard */; };
		1917481C220C8AAB00060B29 /* NewTaskViewController.swift in Sources */ = {isa = PBXBuildFile; fileRef = 1917481B220C8AAB00060B29 /* NewTaskViewController.swift */; };
		19E52FCE220C907A005F0615 /* NoteUserDefault.swift in Sources */ = {isa = PBXBuildFile; fileRef = 19E52FCD220C907A005F0615 /* NoteUserDefault.swift */; };
/* End PBXBuildFile section */

/* Begin PBXFileReference section */
		19174806220C83CE00060B29 /* MyNotesApp.app */ = {isa = PBXFileReference; explicitFileType = wrapper.application; includeInIndex = 0; path = MyNotesApp.app; sourceTree = BUILT_PRODUCTS_DIR; };
		19174809220C83CE00060B29 /* AppDelegate.swift */ = {isa = PBXFileReference; lastKnownFileType = sourcecode.swift; path = AppDelegate.swift; sourceTree = "<group>"; };
		1917480B220C83CE00060B29 /* ViewController.swift */ = {isa = PBXFileReference; lastKnownFileType = sourcecode.swift; path = ViewController.swift; sourceTree = "<group>"; };
		1917480E220C83CE00060B29 /* Base */ = {isa = PBXFileReference; lastKnownFileType = file.storyboard; name = Base; path = Base.lproj/Main.storyboard; sourceTree = "<group>"; };
		19174810220C83DA00060B29 /* Assets.xcassets */ = {isa = PBXFileReference; lastKnownFileType = folder.assetcatalog; path = Assets.xcassets; sourceTree = "<group>"; };
		19174813220C83DA00060B29 /* Base */ = {isa = PBXFileReference; lastKnownFileType = file.storyboard; name = Base; path = Base.lproj/LaunchScreen.storyboard; sourceTree = "<group>"; };
		19174815220C83DA00060B29 /* Info.plist */ = {isa = PBXFileReference; lastKnownFileType = text.plist.xml; path = Info.plist; sourceTree = "<group>"; };
		1917481B220C8AAB00060B29 /* NewTaskViewController.swift */ = {isa = PBXFileReference; lastKnownFileType = sourcecode.swift; path = NewTaskViewController.swift; sourceTree = "<group>"; };
		19E52FCD220C907A005F0615 /* NoteUserDefault.swift */ = {isa = PBXFileReference; lastKnownFileType = sourcecode.swift; path = NoteUserDefault.swift; sourceTree = "<group>"; };
/* End PBXFileReference section */

/* Begin PBXFrameworksBuildPhase section */
		19174803220C83CE00060B29 /* Frameworks */ = {
			isa = PBXFrameworksBuildPhase;
			buildActionMask = 2147483647;
			files = (
			);
			runOnlyForDeploymentPostprocessing = 0;
		};
/* End PBXFrameworksBuildPhase section */

/* Begin PBXGroup section */
		191747FD220C83CE00060B29 = {
			isa = PBXGroup;
			children = (
				19174808220C83CE00060B29 /* MyNotesApp */,
				19174807220C83CE00060B29 /* Products */,
			);
			sourceTree = "<group>";
		};
		19174807220C83CE00060B29 /* Products */ = {
			isa = PBXGroup;
			children = (
				19174806220C83CE00060B29 /* MyNotesApp.app */,
			);
			name = Products;
			sourceTree = "<group>";
		};
		19174808220C83CE00060B29 /* MyNotesApp */ = {
			isa = PBXGroup;
			children = (
				19174809220C83CE00060B29 /* AppDelegate.swift */,
				1917480B220C83CE00060B29 /* ViewController.swift */,
				1917480D220C83CE00060B29 /* Main.storyboard */,
				19174810220C83DA00060B29 /* Assets.xcassets */,
				19174812220C83DA00060B29 /* LaunchScreen.storyboard */,
				19174815220C83DA00060B29 /* Info.plist */,
				1917481B220C8AAB00060B29 /* NewTaskViewController.swift */,
				19E52FCD220C907A005F0615 /* NoteUserDefault.swift */,
			);
			path = MyNotesApp;
			sourceTree = "<group>";
		};
/* End PBXGroup section */

/* Begin PBXNativeTarget section */
		19174805220C83CE00060B29 /* MyNotesApp */ = {
			isa = PBXNativeTarget;
			buildConfigurationList = 19174818220C83DA00060B29 /* Build configuration list for PBXNativeTarget "MyNotesApp" */;
			buildPhases = (
				19174802220C83CE00060B29 /* Sources */,
				19174803220C83CE00060B29 /* Frameworks */,
				19174804220C83CE00060B29 /* Resources */,
			);
			buildRules = (
			);
			dependencies = (
			);
			name = MyNotesApp;
			productName = MyNotesApp;
			productReference = 19174806220C83CE00060B29 /* MyNotesApp.app */;
			productType = "com.apple.product-type.application";
		};
/* End PBXNativeTarget section */

/* Begin PBXProject section */
		191747FE220C83CE00060B29 /* Project object */ = {
			isa = PBXProject;
			attributes = {
				LastSwiftUpdateCheck = 1010;
				LastUpgradeCheck = 1010;
				ORGANIZATIONNAME = "Henrique Nicolli";
				TargetAttributes = {
					19174805220C83CE00060B29 = {
						CreatedOnToolsVersion = 10.1;
					};
				};
			};
			buildConfigurationList = 19174801220C83CE00060B29 /* Build configuration list for PBXProject "MyNotesApp" */;
			compatibilityVersion = "Xcode 9.3";
			developmentRegion = en;
			hasScannedForEncodings = 0;
			knownRegions = (
				en,
				Base,
			);
			mainGroup = 191747FD220C83CE00060B29;
			productRefGroup = 19174807220C83CE00060B29 /* Products */;
			projectDirPath = "";
			projectRoot = "";
			targets = (
				19174805220C83CE00060B29 /* MyNotesApp */,
			);
		};
/* End PBXProject section */

/* Begin PBXResourcesBuildPhase section */
		19174804220C83CE00060B29 /* Resources */ = {
			isa = PBXResourcesBuildPhase;
			buildActionMask = 2147483647;
			files = (
				19174814220C83DA00060B29 /* LaunchScreen.storyboard in Resources */,
				19174811220C83DA00060B29 /* Assets.xcassets in Resources */,
				1917480F220C83CE00060B29 /* Main.storyboard in Resources */,
			);
			runOnlyForDeploymentPostprocessing = 0;
		};
/* End PBXResourcesBuildPhase section */

/* Begin PBXSourcesBuildPhase section */
		19174802220C83CE00060B29 /* Sources */ = {
			isa = PBXSourcesBuildPhase;
			buildActionMask = 2147483647;
			files = (
				1917480C220C83CE00060B29 /* ViewController.swift in Sources */,
				1917481C220C8AAB00060B29 /* NewTaskViewController.swift in Sources */,
				19E52FCE220C907A005F0615 /* NoteUserDefault.swift in Sources */,
				1917480A220C83CE00060B29 /* AppDelegate.swift in Sources */,
			);
			runOnlyForDeploymentPostprocessing = 0;
		};
/* End PBXSourcesBuildPhase section */

/* Begin PBXVariantGroup section */
		1917480D220C83CE00060B29 /* Main.storyboard */ = {
			isa = PBXVariantGroup;
			children = (
				1917480E220C83CE00060B29 /* Base */,
			);
			name = Main.storyboard;
			sourceTree = "<group>";
		};
		19174812220C83DA00060B29 /* LaunchScreen.storyboard */ = {
			isa = PBXVariantGroup;
			children = (
				19174813220C83DA00060B29 /* Base */,
			);
			name = LaunchScreen.storyboard;
			sourceTree = "<group>";
		};
/* End PBXVariantGroup section */

/* Begin XCBuildConfiguration section */
		19174816220C83DA00060B29 /* Debug */ = {
			isa = XCBuildConfiguration;
			buildSettings = {
				ALWAYS_SEARCH_USER_PATHS = NO;
				CLANG_ANALYZER_NONNULL = YES;
				CLANG_ANALYZER_NUMBER_OBJECT_CONVERSION = YES_AGGRESSIVE;
				CLANG_CXX_LANGUAGE_STANDARD = "gnu++14";
				CLANG_CXX_LIBRARY = "libc++";
				CLANG_ENABLE_MODULES = YES;
				CLANG_ENABLE_OBJC_ARC = YES;
				CLANG_ENABLE_OBJC_WEAK = YES;
				CLANG_WARN_BLOCK_CAPTURE_AUTORELEASING = YES;
				CLANG_WARN_BOOL_CONVERSION = YES;
				CLANG_WARN_COMMA = YES;
				CLANG_WARN_CONSTANT_CONVERSION = YES;
				CLANG_WARN_DEPRECATED_OBJC_IMPLEMENTATIONS = YES;
				CLANG_WARN_DIRECT_OBJC_ISA_USAGE = YES_ERROR;
				CLANG_WARN_DOCUMENTATION_COMMENTS = YES;
				CLANG_WARN_EMPTY_BODY = YES;
				CLANG_WARN_ENUM_CONVERSION = YES;
				CLANG_WARN_INFINITE_RECURSION = YES;
				CLANG_WARN_INT_CONVERSION = YES;
				CLANG_WARN_NON_LITERAL_NULL_CONVERSION = YES;
				CLANG_WARN_OBJC_IMPLICIT_RETAIN_SELF = YES;
				CLANG_WARN_OBJC_LITERAL_CONVERSION = YES;
				CLANG_WARN_OBJC_ROOT_CLASS = YES_ERROR;
				CLANG_WARN_RANGE_LOOP_ANALYSIS = YES;
				CLANG_WARN_STRICT_PROTOTYPES = YES;
				CLANG_WARN_SUSPICIOUS_MOVE = YES;
				CLANG_WARN_UNGUARDED_AVAILABILITY = YES_AGGRESSIVE;
				CLANG_WARN_UNREACHABLE_CODE = YES;
				CLANG_WARN__DUPLICATE_METHOD_MATCH = YES;
				CODE_SIGN_IDENTITY = "iPhone Developer";
				COPY_PHASE_STRIP = NO;
				DEBUG_INFORMATION_FORMAT = dwarf;
				ENABLE_STRICT_OBJC_MSGSEND = YES;
				ENABLE_TESTABILITY = YES;
				GCC_C_LANGUAGE_STANDARD = gnu11;
				GCC_DYNAMIC_NO_PIC = NO;
				GCC_NO_COMMON_BLOCKS = YES;
				GCC_OPTIMIZATION_LEVEL = 0;
				GCC_PREPROCESSOR_DEFINITIONS = (
					"DEBUG=1",
					"$(inherited)",
				);
				GCC_WARN_64_TO_32_BIT_CONVERSION = YES;
				GCC_WARN_ABOUT_RETURN_TYPE = YES_ERROR;
				GCC_WARN_UNDECLARED_SELECTOR = YES;
				GCC_WARN_UNINITIALIZED_AUTOS = YES_AGGRESSIVE;
				GCC_WARN_UNUSED_FUNCTION = YES;
				GCC_WARN_UNUSED_VARIABLE = YES;
				IPHONEOS_DEPLOYMENT_TARGET = 12.1;
				MTL_ENABLE_DEBUG_INFO = INCLUDE_SOURCE;
				MTL_FAST_MATH = YES;
				ONLY_ACTIVE_ARCH = YES;
				SDKROOT = iphoneos;
				SWIFT_ACTIVE_COMPILATION_CONDITIONS = DEBUG;
				SWIFT_OPTIMIZATION_LEVEL = "-Onone";
			};
			name = Debug;
		};
		19174817220C83DA00060B29 /* Release */ = {
			isa = XCBuildConfiguration;
			buildSettings = {
				ALWAYS_SEARCH_USER_PATHS = NO;
				CLANG_ANALYZER_NONNULL = YES;
				CLANG_ANALYZER_NUMBER_OBJECT_CONVERSION = YES_AGGRESSIVE;
				CLANG_CXX_LANGUAGE_STANDARD = "gnu++14";
				CLANG_CXX_LIBRARY = "libc++";
				CLANG_ENABLE_MODULES = YES;
				CLANG_ENABLE_OBJC_ARC = YES;
				CLANG_ENABLE_OBJC_WEAK = YES;
				CLANG_WARN_BLOCK_CAPTURE_AUTORELEASING = YES;
				CLANG_WARN_BOOL_CONVERSION = YES;
				CLANG_WARN_COMMA = YES;
				CLANG_WARN_CONSTANT_CONVERSION = YES;
				CLANG_WARN_DEPRECATED_OBJC_IMPLEMENTATIONS = YES;
				CLANG_WARN_DIRECT_OBJC_ISA_USAGE = YES_ERROR;
				CLANG_WARN_DOCUMENTATION_COMMENTS = YES;
				CLANG_WARN_EMPTY_BODY = YES;
				CLANG_WARN_ENUM_CONVERSION = YES;
				CLANG_WARN_INFINITE_RECURSION = YES;
				CLANG_WARN_INT_CONVERSION = YES;
				CLANG_WARN_NON_LITERAL_NULL_CONVERSION = YES;
				CLANG_WARN_OBJC_IMPLICIT_RETAIN_SELF = YES;
				CLANG_WARN_OBJC_LITERAL_CONVERSION = YES;
				CLANG_WARN_OBJC_ROOT_CLASS = YES_ERROR;
				CLANG_WARN_RANGE_LOOP_ANALYSIS = YES;
				CLANG_WARN_STRICT_PROTOTYPES = YES;
				CLANG_WARN_SUSPICIOUS_MOVE = YES;
				CLANG_WARN_UNGUARDED_AVAILABILITY = YES_AGGRESSIVE;
				CLANG_WARN_UNREACHABLE_CODE = YES;
				CLANG_WARN__DUPLICATE_METHOD_MATCH = YES;
				CODE_SIGN_IDENTITY = "iPhone Developer";
				COPY_PHASE_STRIP = NO;
				DEBUG_INFORMATION_FORMAT = "dwarf-with-dsym";
				ENABLE_NS_ASSERTIONS = NO;
				ENABLE_STRICT_OBJC_MSGSEND = YES;
				GCC_C_LANGUAGE_STANDARD = gnu11;
				GCC_NO_COMMON_BLOCKS = YES;
				GCC_WARN_64_TO_32_BIT_CONVERSION = YES;
				GCC_WARN_ABOUT_RETURN_TYPE = YES_ERROR;
				GCC_WARN_UNDECLARED_SELECTOR = YES;
				GCC_WARN_UNINITIALIZED_AUTOS = YES_AGGRESSIVE;
				GCC_WARN_UNUSED_FUNCTION = YES;
				GCC_WARN_UNUSED_VARIABLE = YES;
				IPHONEOS_DEPLOYMENT_TARGET = 12.1;
				MTL_ENABLE_DEBUG_INFO = NO;
				MTL_FAST_MATH = YES;
				SDKROOT = iphoneos;
				SWIFT_COMPILATION_MODE = wholemodule;
				SWIFT_OPTIMIZATION_LEVEL = "-O";
				VALIDATE_PRODUCT = YES;
			};
			name = Release;
		};
		19174819220C83DA00060B29 /* Debug */ = {
			isa = XCBuildConfiguration;
			buildSettings = {
				ASSETCATALOG_COMPILER_APPICON_NAME = AppIcon;
				CODE_SIGN_STYLE = Automatic;
				INFOPLIST_FILE = MyNotesApp/Info.plist;
				LD_RUNPATH_SEARCH_PATHS = (
					"$(inherited)",
					"@executable_path/Frameworks",
				);
				PRODUCT_BUNDLE_IDENTIFIER = com.henrique.MyNotesApp;
				PRODUCT_NAME = "$(TARGET_NAME)";
				SWIFT_VERSION = 4.2;
				TARGETED_DEVICE_FAMILY = "1,2";
			};
			name = Debug;
		};
		1917481A220C83DA00060B29 /* Release */ = {
			isa = XCBuildConfiguration;
			buildSettings = {
				ASSETCATALOG_COMPILER_APPICON_NAME = AppIcon;
				CODE_SIGN_STYLE = Automatic;
				INFOPLIST_FILE = MyNotesApp/Info.plist;
				LD_RUNPATH_SEARCH_PATHS = (
					"$(inherited)",
					"@executable_path/Frameworks",
				);
				PRODUCT_BUNDLE_IDENTIFIER = com.henrique.MyNotesApp;
				PRODUCT_NAME = "$(TARGET_NAME)";
				SWIFT_VERSION = 4.2;
				TARGETED_DEVICE_FAMILY = "1,2";
			};
			name = Release;
		};
/* End XCBuildConfiguration section */

/* Begin XCConfigurationList section */
		19174801220C83CE00060B29 /* Build configuration list for PBXProject "MyNotesApp" */ = {
			isa = XCConfigurationList;
			buildConfigurations = (
				19174816220C83DA00060B29 /* Debug */,
				19174817220C83DA00060B29 /* Release */,
			);
			defaultConfigurationIsVisible = 0;
			defaultConfigurationName = Release;
		};
		19174818220C83DA00060B29 /* Build configuration list for PBXNativeTarget "MyNotesApp" */ = {
			isa = XCConfigurationList;
			buildConfigurations = (
				19174819220C83DA00060B29 /* Debug */,
				1917481A220C83DA00060B29 /* Release */,
			);
			defaultConfigurationIsVisible = 0;
			defaultConfigurationName = Release;
		};
/* End XCConfigurationList section */
	};
	rootObject = 191747FE220C83CE00060B29 /* Project object */;
}
