// !$*UTF8*$!
{
	archiveVersion = 1;
	classes = {
	};
	objectVersion = 50;
	objects = {

/* Begin PBXBuildFile section */
		198EF8D7220B132100BE867C /* AppDelegate.swift in Sources */ = {isa = PBXBuildFile; fileRef = 198EF8D6220B132100BE867C /* AppDelegate.swift */; };
		198EF8D9220B132100BE867C /* ViewController.swift in Sources */ = {isa = PBXBuildFile; fileRef = 198EF8D8220B132100BE867C /* ViewController.swift */; };
		198EF8DC220B132100BE867C /* Main.storyboard in Resources */ = {isa = PBXBuildFile; fileRef = 198EF8DA220B132100BE867C /* Main.storyboard */; };
		198EF8DE220B132C00BE867C /* Assets.xcassets in Resources */ = {isa = PBXBuildFile; fileRef = 198EF8DD220B132C00BE867C /* Assets.xcassets */; };
		198EF8E1220B132C00BE867C /* LaunchScreen.storyboard in Resources */ = {isa = PBXBuildFile; fileRef = 198EF8DF220B132C00BE867C /* LaunchScreen.storyboard */; };
		198EF8E9220B13D900BE867C /* Logo_TV_2015.png in Resources */ = {isa = PBXBuildFile; fileRef = 198EF8E8220B13D900BE867C /* Logo_TV_2015.png */; };
/* End PBXBuildFile section */

/* Begin PBXFileReference section */
		198EF8D3220B132100BE867C /* SignosApp.app */ = {isa = PBXFileReference; explicitFileType = wrapper.application; includeInIndex = 0; path = SignosApp.app; sourceTree = BUILT_PRODUCTS_DIR; };
		198EF8D6220B132100BE867C /* AppDelegate.swift */ = {isa = PBXFileReference; lastKnownFileType = sourcecode.swift; path = AppDelegate.swift; sourceTree = "<group>"; };
		198EF8D8220B132100BE867C /* ViewController.swift */ = {isa = PBXFileReference; lastKnownFileType = sourcecode.swift; path = ViewController.swift; sourceTree = "<group>"; };
		198EF8DB220B132100BE867C /* Base */ = {isa = PBXFileReference; lastKnownFileType = file.storyboard; name = Base; path = Base.lproj/Main.storyboard; sourceTree = "<group>"; };
		198EF8DD220B132C00BE867C /* Assets.xcassets */ = {isa = PBXFileReference; lastKnownFileType = folder.assetcatalog; path = Assets.xcassets; sourceTree = "<group>"; };
		198EF8E0220B132C00BE867C /* Base */ = {isa = PBXFileReference; lastKnownFileType = file.storyboard; name = Base; path = Base.lproj/LaunchScreen.storyboard; sourceTree = "<group>"; };
		198EF8E2220B132C00BE867C /* Info.plist */ = {isa = PBXFileReference; lastKnownFileType = text.plist.xml; path = Info.plist; sourceTree = "<group>"; };
		198EF8E8220B13D900BE867C /* Logo_TV_2015.png */ = {isa = PBXFileReference; lastKnownFileType = image.png; name = Logo_TV_2015.png; path = ../../Logo_TV_2015.png; sourceTree = "<group>"; };
/* End PBXFileReference section */

/* Begin PBXFrameworksBuildPhase section */
		198EF8D0220B132100BE867C /* Frameworks */ = {
			isa = PBXFrameworksBuildPhase;
			buildActionMask = 2147483647;
			files = (
			);
			runOnlyForDeploymentPostprocessing = 0;
		};
/* End PBXFrameworksBuildPhase section */

/* Begin PBXGroup section */
		198EF8CA220B132100BE867C = {
			isa = PBXGroup;
			children = (
				198EF8D5220B132100BE867C /* SignosApp */,
				198EF8D4220B132100BE867C /* Products */,
			);
			sourceTree = "<group>";
		};
		198EF8D4220B132100BE867C /* Products */ = {
			isa = PBXGroup;
			children = (
				198EF8D3220B132100BE867C /* SignosApp.app */,
			);
			name = Products;
			sourceTree = "<group>";
		};
		198EF8D5220B132100BE867C /* SignosApp */ = {
			isa = PBXGroup;
			children = (
				198EF8D6220B132100BE867C /* AppDelegate.swift */,
				198EF8D8220B132100BE867C /* ViewController.swift */,
				198EF8DA220B132100BE867C /* Main.storyboard */,
				198EF8DD220B132C00BE867C /* Assets.xcassets */,
				198EF8E8220B13D900BE867C /* Logo_TV_2015.png */,
				198EF8DF220B132C00BE867C /* LaunchScreen.storyboard */,
				198EF8E2220B132C00BE867C /* Info.plist */,
			);
			path = SignosApp;
			sourceTree = "<group>";
		};
/* End PBXGroup section */

/* Begin PBXNativeTarget section */
		198EF8D2220B132100BE867C /* SignosApp */ = {
			isa = PBXNativeTarget;
			buildConfigurationList = 198EF8E5220B132C00BE867C /* Build configuration list for PBXNativeTarget "SignosApp" */;
			buildPhases = (
				198EF8CF220B132100BE867C /* Sources */,
				198EF8D0220B132100BE867C /* Frameworks */,
				198EF8D1220B132100BE867C /* Resources */,
			);
			buildRules = (
			);
			dependencies = (
			);
			name = SignosApp;
			productName = SignosApp;
			productReference = 198EF8D3220B132100BE867C /* SignosApp.app */;
			productType = "com.apple.product-type.application";
		};
/* End PBXNativeTarget section */

/* Begin PBXProject section */
		198EF8CB220B132100BE867C /* Project object */ = {
			isa = PBXProject;
			attributes = {
				LastSwiftUpdateCheck = 1010;
				LastUpgradeCheck = 1010;
				ORGANIZATIONNAME = "Henrique Nicolli";
				TargetAttributes = {
					198EF8D2220B132100BE867C = {
						CreatedOnToolsVersion = 10.1;
					};
				};
			};
			buildConfigurationList = 198EF8CE220B132100BE867C /* Build configuration list for PBXProject "SignosApp" */;
			compatibilityVersion = "Xcode 9.3";
			developmentRegion = en;
			hasScannedForEncodings = 0;
			knownRegions = (
				en,
				Base,
			);
			mainGroup = 198EF8CA220B132100BE867C;
			productRefGroup = 198EF8D4220B132100BE867C /* Products */;
			projectDirPath = "";
			projectRoot = "";
			targets = (
				198EF8D2220B132100BE867C /* SignosApp */,
			);
		};
/* End PBXProject section */

/* Begin PBXResourcesBuildPhase section */
		198EF8D1220B132100BE867C /* Resources */ = {
			isa = PBXResourcesBuildPhase;
			buildActionMask = 2147483647;
			files = (
				198EF8E9220B13D900BE867C /* Logo_TV_2015.png in Resources */,
				198EF8E1220B132C00BE867C /* LaunchScreen.storyboard in Resources */,
				198EF8DE220B132C00BE867C /* Assets.xcassets in Resources */,
				198EF8DC220B132100BE867C /* Main.storyboard in Resources */,
			);
			runOnlyForDeploymentPostprocessing = 0;
		};
/* End PBXResourcesBuildPhase section */

/* Begin PBXSourcesBuildPhase section */
		198EF8CF220B132100BE867C /* Sources */ = {
			isa = PBXSourcesBuildPhase;
			buildActionMask = 2147483647;
			files = (
				198EF8D9220B132100BE867C /* ViewController.swift in Sources */,
				198EF8D7220B132100BE867C /* AppDelegate.swift in Sources */,
			);
			runOnlyForDeploymentPostprocessing = 0;
		};
/* End PBXSourcesBuildPhase section */

/* Begin PBXVariantGroup section */
		198EF8DA220B132100BE867C /* Main.storyboard */ = {
			isa = PBXVariantGroup;
			children = (
				198EF8DB220B132100BE867C /* Base */,
			);
			name = Main.storyboard;
			sourceTree = "<group>";
		};
		198EF8DF220B132C00BE867C /* LaunchScreen.storyboard */ = {
			isa = PBXVariantGroup;
			children = (
				198EF8E0220B132C00BE867C /* Base */,
			);
			name = LaunchScreen.storyboard;
			sourceTree = "<group>";
		};
/* End PBXVariantGroup section */

/* Begin XCBuildConfiguration section */
		198EF8E3220B132C00BE867C /* Debug */ = {
			isa = XCBuildConfiguration;
			buildSettings = {
				ALWAYS_SEARCH_USER_PATHS = NO;
				CLANG_ANALYZER_NONNULL = YES;
				CLANG_ANALYZER_NUMBER_OBJECT_CONVERSION = YES_AGGRESSIVE;
				CLANG_CXX_LANGUAGE_STANDARD = "gnu++14";
				CLANG_CXX_LIBRARY = "libc++";
				CLANG_ENABLE_MODULES = YES;
				CLANG_ENABLE_OBJC_ARC = YES;
				CLANG_ENABLE_OBJC_WEAK = YES;
				CLANG_WARN_BLOCK_CAPTURE_AUTORELEASING = YES;
				CLANG_WARN_BOOL_CONVERSION = YES;
				CLANG_WARN_COMMA = YES;
				CLANG_WARN_CONSTANT_CONVERSION = YES;
				CLANG_WARN_DEPRECATED_OBJC_IMPLEMENTATIONS = YES;
				CLANG_WARN_DIRECT_OBJC_ISA_USAGE = YES_ERROR;
				CLANG_WARN_DOCUMENTATION_COMMENTS = YES;
				CLANG_WARN_EMPTY_BODY = YES;
				CLANG_WARN_ENUM_CONVERSION = YES;
				CLANG_WARN_INFINITE_RECURSION = YES;
				CLANG_WARN_INT_CONVERSION = YES;
				CLANG_WARN_NON_LITERAL_NULL_CONVERSION = YES;
				CLANG_WARN_OBJC_IMPLICIT_RETAIN_SELF = YES;
				CLANG_WARN_OBJC_LITERAL_CONVERSION = YES;
				CLANG_WARN_OBJC_ROOT_CLASS = YES_ERROR;
				CLANG_WARN_RANGE_LOOP_ANALYSIS = YES;
				CLANG_WARN_STRICT_PROTOTYPES = YES;
				CLANG_WARN_SUSPICIOUS_MOVE = YES;
				CLANG_WARN_UNGUARDED_AVAILABILITY = YES_AGGRESSIVE;
				CLANG_WARN_UNREACHABLE_CODE = YES;
				CLANG_WARN__DUPLICATE_METHOD_MATCH = YES;
				CODE_SIGN_IDENTITY = "iPhone Developer";
				COPY_PHASE_STRIP = NO;
				DEBUG_INFORMATION_FORMAT = dwarf;
				ENABLE_STRICT_OBJC_MSGSEND = YES;
				ENABLE_TESTABILITY = YES;
				GCC_C_LANGUAGE_STANDARD = gnu11;
				GCC_DYNAMIC_NO_PIC = NO;
				GCC_NO_COMMON_BLOCKS = YES;
				GCC_OPTIMIZATION_LEVEL = 0;
				GCC_PREPROCESSOR_DEFINITIONS = (
					"DEBUG=1",
					"$(inherited)",
				);
				GCC_WARN_64_TO_32_BIT_CONVERSION = YES;
				GCC_WARN_ABOUT_RETURN_TYPE = YES_ERROR;
				GCC_WARN_UNDECLARED_SELECTOR = YES;
				GCC_WARN_UNINITIALIZED_AUTOS = YES_AGGRESSIVE;
				GCC_WARN_UNUSED_FUNCTION = YES;
				GCC_WARN_UNUSED_VARIABLE = YES;
				IPHONEOS_DEPLOYMENT_TARGET = 12.1;
				MTL_ENABLE_DEBUG_INFO = INCLUDE_SOURCE;
				MTL_FAST_MATH = YES;
				ONLY_ACTIVE_ARCH = YES;
				SDKROOT = iphoneos;
				SWIFT_ACTIVE_COMPILATION_CONDITIONS = DEBUG;
				SWIFT_OPTIMIZATION_LEVEL = "-Onone";
			};
			name = Debug;
		};
		198EF8E4220B132C00BE867C /* Release */ = {
			isa = XCBuildConfiguration;
			buildSettings = {
				ALWAYS_SEARCH_USER_PATHS = NO;
				CLANG_ANALYZER_NONNULL = YES;
				CLANG_ANALYZER_NUMBER_OBJECT_CONVERSION = YES_AGGRESSIVE;
				CLANG_CXX_LANGUAGE_STANDARD = "gnu++14";
				CLANG_CXX_LIBRARY = "libc++";
				CLANG_ENABLE_MODULES = YES;
				CLANG_ENABLE_OBJC_ARC = YES;
				CLANG_ENABLE_OBJC_WEAK = YES;
				CLANG_WARN_BLOCK_CAPTURE_AUTORELEASING = YES;
				CLANG_WARN_BOOL_CONVERSION = YES;
				CLANG_WARN_COMMA = YES;
				CLANG_WARN_CONSTANT_CONVERSION = YES;
				CLANG_WARN_DEPRECATED_OBJC_IMPLEMENTATIONS = YES;
				CLANG_WARN_DIRECT_OBJC_ISA_USAGE = YES_ERROR;
				CLANG_WARN_DOCUMENTATION_COMMENTS = YES;
				CLANG_WARN_EMPTY_BODY = YES;
				CLANG_WARN_ENUM_CONVERSION = YES;
				CLANG_WARN_INFINITE_RECURSION = YES;
				CLANG_WARN_INT_CONVERSION = YES;
				CLANG_WARN_NON_LITERAL_NULL_CONVERSION = YES;
				CLANG_WARN_OBJC_IMPLICIT_RETAIN_SELF = YES;
				CLANG_WARN_OBJC_LITERAL_CONVERSION = YES;
				CLANG_WARN_OBJC_ROOT_CLASS = YES_ERROR;
				CLANG_WARN_RANGE_LOOP_ANALYSIS = YES;
				CLANG_WARN_STRICT_PROTOTYPES = YES;
				CLANG_WARN_SUSPICIOUS_MOVE = YES;
				CLANG_WARN_UNGUARDED_AVAILABILITY = YES_AGGRESSIVE;
				CLANG_WARN_UNREACHABLE_CODE = YES;
				CLANG_WARN__DUPLICATE_METHOD_MATCH = YES;
				CODE_SIGN_IDENTITY = "iPhone Developer";
				COPY_PHASE_STRIP = NO;
				DEBUG_INFORMATION_FORMAT = "dwarf-with-dsym";
				ENABLE_NS_ASSERTIONS = NO;
				ENABLE_STRICT_OBJC_MSGSEND = YES;
				GCC_C_LANGUAGE_STANDARD = gnu11;
				GCC_NO_COMMON_BLOCKS = YES;
				GCC_WARN_64_TO_32_BIT_CONVERSION = YES;
				GCC_WARN_ABOUT_RETURN_TYPE = YES_ERROR;
				GCC_WARN_UNDECLARED_SELECTOR = YES;
				GCC_WARN_UNINITIALIZED_AUTOS = YES_AGGRESSIVE;
				GCC_WARN_UNUSED_FUNCTION = YES;
				GCC_WARN_UNUSED_VARIABLE = YES;
				IPHONEOS_DEPLOYMENT_TARGET = 12.1;
				MTL_ENABLE_DEBUG_INFO = NO;
				MTL_FAST_MATH = YES;
				SDKROOT = iphoneos;
				SWIFT_COMPILATION_MODE = wholemodule;
				SWIFT_OPTIMIZATION_LEVEL = "-O";
				VALIDATE_PRODUCT = YES;
			};
			name = Release;
		};
		198EF8E6220B132C00BE867C /* Debug */ = {
			isa = XCBuildConfiguration;
			buildSettings = {
				ASSETCATALOG_COMPILER_APPICON_NAME = AppIcon;
				CODE_SIGN_STYLE = Automatic;
				INFOPLIST_FILE = SignosApp/Info.plist;
				LD_RUNPATH_SEARCH_PATHS = (
					"$(inherited)",
					"@executable_path/Frameworks",
				);
				PRODUCT_BUNDLE_IDENTIFIER = com.henrique.SignosApp;
				PRODUCT_NAME = "$(TARGET_NAME)";
				SWIFT_VERSION = 4.2;
				TARGETED_DEVICE_FAMILY = "1,2";
			};
			name = Debug;
		};
		198EF8E7220B132C00BE867C /* Release */ = {
			isa = XCBuildConfiguration;
			buildSettings = {
				ASSETCATALOG_COMPILER_APPICON_NAME = AppIcon;
				CODE_SIGN_STYLE = Automatic;
				INFOPLIST_FILE = SignosApp/Info.plist;
				LD_RUNPATH_SEARCH_PATHS = (
					"$(inherited)",
					"@executable_path/Frameworks",
				);
				PRODUCT_BUNDLE_IDENTIFIER = com.henrique.SignosApp;
				PRODUCT_NAME = "$(TARGET_NAME)";
				SWIFT_VERSION = 4.2;
				TARGETED_DEVICE_FAMILY = "1,2";
			};
			name = Release;
		};
/* End XCBuildConfiguration section */

/* Begin XCConfigurationList section */
		198EF8CE220B132100BE867C /* Build configuration list for PBXProject "SignosApp" */ = {
			isa = XCConfigurationList;
			buildConfigurations = (
				198EF8E3220B132C00BE867C /* Debug */,
				198EF8E4220B132C00BE867C /* Release */,
			);
			defaultConfigurationIsVisible = 0;
			defaultConfigurationName = Release;
		};
		198EF8E5220B132C00BE867C /* Build configuration list for PBXNativeTarget "SignosApp" */ = {
			isa = XCConfigurationList;
			buildConfigurations = (
				198EF8E6220B132C00BE867C /* Debug */,
				198EF8E7220B132C00BE867C /* Release */,
			);
			defaultConfigurationIsVisible = 0;
			defaultConfigurationName = Release;
		};
/* End XCConfigurationList section */
	};
	rootObject = 198EF8CB220B132100BE867C /* Project object */;
}
